
Microsoft Visual Studio Solution File, Format Version 11.00
# Visual Studio 2010
Project("{FAE04EC0-301F-11D3-BF4B-00C04F79EFBC}") = "Mineswiper", "Mineswiper.csproj", "{59412848-15d5-671d-21f9-40b13ae3e1b5}"
EndProject
Project("{FAE04EC0-301F-11D3-BF4B-00C04F79EFBC}") = "Assembly-CSharp", "Assembly-CSharp.csproj", "{9c9101b0-a318-2cd4-2f2b-cccdb9c9bb1a}"
EndProject
Project("{FAE04EC0-301F-11D3-BF4B-00C04F79EFBC}") = "Assembly-CSharp-firstpass", "Assembly-CSharp-firstpass.csproj", "{6f06d7ed-1796-af18-73bd-fdcf53c480dd}"
EndProject
Global
	GlobalSection(SolutionConfigurationPlatforms) = preSolution
		Debug|Any CPU = Debug|Any CPU
	EndGlobalSection
	GlobalSection(ProjectConfigurationPlatforms) = postSolution
		{59412848-15d5-671d-21f9-40b13ae3e1b5}.Debug|Any CPU.ActiveCfg = Debug|Any CPU
		{59412848-15d5-671d-21f9-40b13ae3e1b5}.Debug|Any CPU.Build.0 = Debug|Any CPU
		{9c9101b0-a318-2cd4-2f2b-cccdb9c9bb1a}.Debug|Any CPU.ActiveCfg = Debug|Any CPU
		{9c9101b0-a318-2cd4-2f2b-cccdb9c9bb1a}.Debug|Any CPU.Build.0 = Debug|Any CPU
		{6f06d7ed-1796-af18-73bd-fdcf53c480dd}.Debug|Any CPU.ActiveCfg = Debug|Any CPU
		{6f06d7ed-1796-af18-73bd-fdcf53c480dd}.Debug|Any CPU.Build.0 = Debug|Any CPU
	EndGlobalSection
	GlobalSection(SolutionProperties) = preSolution
		HideSolutionNode = FALSE
	EndGlobalSection
EndGlobal
